
Microsoft Visual Studio Solution File, Format Version 12.00
# Visual Studio Version 17
VisualStudioVersion = 17.3.32929.385
MinimumVisualStudioVersion = 10.0.40219.1
Project("{9A19103F-16F7-4668-BE54-9A1E7A4F7556}") = "Span.Culturio.Api", "Span.Culturio\Span.Culturio.Api.csproj", "{78D25458-B2D1-4B59-A682-BEDD882E825C}"
EndProject
Global
	GlobalSection(SolutionConfigurationPlatforms) = preSolution
		Debug|Any CPU = Debug|Any CPU
		Release|Any CPU = Release|Any CPU
	EndGlobalSection
	GlobalSection(ProjectConfigurationPlatforms) = postSolution
		{78D25458-B2D1-4B59-A682-BEDD882E825C}.Debug|Any CPU.ActiveCfg = Debug|Any CPU
		{78D25458-B2D1-4B59-A682-BEDD882E825C}.Debug|Any CPU.Build.0 = Debug|Any CPU
		{78D25458-B2D1-4B59-A682-BEDD882E825C}.Release|Any CPU.ActiveCfg = Release|Any CPU
		{78D25458-B2D1-4B59-A682-BEDD882E825C}.Release|Any CPU.Build.0 = Release|Any CPU
	EndGlobalSection
	GlobalSection(SolutionProperties) = preSolution
		HideSolutionNode = FALSE
	EndGlobalSection
	GlobalSection(ExtensibilityGlobals) = postSolution
		SolutionGuid = {627900C3-31CC-4CED-BC8B-5DBCA3E4BB34}
	EndGlobalSection
EndGlobal
